
Microsoft Visual Studio Solution File, Format Version 12.00
Project("{2150E333-8FDC-42A3-9474-1A3956D46DE8}") = "SOLID", "SOLID", "{AE84C9E0-AB17-4F9B-983F-50F4DA666565}"
EndProject
Project("{FAE04EC0-301F-11D3-BF4B-00C04F79EFBC}") = "SingleResponsibilityPrinciple", "SOLID\SingleResponsibilityPrinciple\SingleResponsibilityPrinciple.csproj", "{8A7E4C90-B578-42F9-90F1-FDD673F88BC1}"
EndProject
Project("{FAE04EC0-301F-11D3-BF4B-00C04F79EFBC}") = "Open-ClosedPrinciple", "SOLID\Open-ClosedPrinciple\Open-ClosedPrinciple.csproj", "{287BE32B-4E63-474C-B483-FE8EB205EF21}"
EndProject
Project("{FAE04EC0-301F-11D3-BF4B-00C04F79EFBC}") = "LiskovSubstitutionPrinciple", "SOLID\LiskovSubstitutionPrinciple\LiskovSubstitutionPrinciple.csproj", "{ED716F28-6193-471A-8AD9-EA5673774730}"
EndProject
Project("{FAE04EC0-301F-11D3-BF4B-00C04F79EFBC}") = "InterfaceSegregationPrinciple", "SOLID\InterfaceSegregationPrinciple\InterfaceSegregationPrinciple.csproj", "{75D5FE6A-EFBA-4ADF-9EE9-84A762BA1200}"
EndProject
Project("{FAE04EC0-301F-11D3-BF4B-00C04F79EFBC}") = "DependencyInversionPrinciple", "SOLID\DependencyInversionPrinciple\DependencyInversionPrinciple.csproj", "{E0CF6617-D347-49D0-A02E-6A4933D63A9E}"
EndProject
Global
	GlobalSection(SolutionConfigurationPlatforms) = preSolution
		Debug|Any CPU = Debug|Any CPU
		Release|Any CPU = Release|Any CPU
	EndGlobalSection
	GlobalSection(NestedProjects) = preSolution
		{8A7E4C90-B578-42F9-90F1-FDD673F88BC1} = {AE84C9E0-AB17-4F9B-983F-50F4DA666565}
		{287BE32B-4E63-474C-B483-FE8EB205EF21} = {AE84C9E0-AB17-4F9B-983F-50F4DA666565}
		{ED716F28-6193-471A-8AD9-EA5673774730} = {AE84C9E0-AB17-4F9B-983F-50F4DA666565}
		{75D5FE6A-EFBA-4ADF-9EE9-84A762BA1200} = {AE84C9E0-AB17-4F9B-983F-50F4DA666565}
		{E0CF6617-D347-49D0-A02E-6A4933D63A9E} = {AE84C9E0-AB17-4F9B-983F-50F4DA666565}
	EndGlobalSection
	GlobalSection(ProjectConfigurationPlatforms) = postSolution
		{8A7E4C90-B578-42F9-90F1-FDD673F88BC1}.Debug|Any CPU.ActiveCfg = Debug|Any CPU
		{8A7E4C90-B578-42F9-90F1-FDD673F88BC1}.Debug|Any CPU.Build.0 = Debug|Any CPU
		{8A7E4C90-B578-42F9-90F1-FDD673F88BC1}.Release|Any CPU.ActiveCfg = Release|Any CPU
		{8A7E4C90-B578-42F9-90F1-FDD673F88BC1}.Release|Any CPU.Build.0 = Release|Any CPU
		{287BE32B-4E63-474C-B483-FE8EB205EF21}.Debug|Any CPU.ActiveCfg = Debug|Any CPU
		{287BE32B-4E63-474C-B483-FE8EB205EF21}.Debug|Any CPU.Build.0 = Debug|Any CPU
		{287BE32B-4E63-474C-B483-FE8EB205EF21}.Release|Any CPU.ActiveCfg = Release|Any CPU
		{287BE32B-4E63-474C-B483-FE8EB205EF21}.Release|Any CPU.Build.0 = Release|Any CPU
		{ED716F28-6193-471A-8AD9-EA5673774730}.Debug|Any CPU.ActiveCfg = Debug|Any CPU
		{ED716F28-6193-471A-8AD9-EA5673774730}.Debug|Any CPU.Build.0 = Debug|Any CPU
		{ED716F28-6193-471A-8AD9-EA5673774730}.Release|Any CPU.ActiveCfg = Release|Any CPU
		{ED716F28-6193-471A-8AD9-EA5673774730}.Release|Any CPU.Build.0 = Release|Any CPU
		{75D5FE6A-EFBA-4ADF-9EE9-84A762BA1200}.Debug|Any CPU.ActiveCfg = Debug|Any CPU
		{75D5FE6A-EFBA-4ADF-9EE9-84A762BA1200}.Debug|Any CPU.Build.0 = Debug|Any CPU
		{75D5FE6A-EFBA-4ADF-9EE9-84A762BA1200}.Release|Any CPU.ActiveCfg = Release|Any CPU
		{75D5FE6A-EFBA-4ADF-9EE9-84A762BA1200}.Release|Any CPU.Build.0 = Release|Any CPU
		{E0CF6617-D347-49D0-A02E-6A4933D63A9E}.Debug|Any CPU.ActiveCfg = Debug|Any CPU
		{E0CF6617-D347-49D0-A02E-6A4933D63A9E}.Debug|Any CPU.Build.0 = Debug|Any CPU
		{E0CF6617-D347-49D0-A02E-6A4933D63A9E}.Release|Any CPU.ActiveCfg = Release|Any CPU
		{E0CF6617-D347-49D0-A02E-6A4933D63A9E}.Release|Any CPU.Build.0 = Release|Any CPU
	EndGlobalSection
EndGlobal
